
Microsoft Visual Studio Solution File, Format Version 12.00
# Visual Studio Version 17
VisualStudioVersion = 17.13.35913.81 d17.13
MinimumVisualStudioVersion = 10.0.40219.1
Project("{FAE04EC0-301F-11D3-BF4B-00C04F79EFBC}") = "UserRegistrationApi", "UserRegistrationApi.csproj", "{4125EEA5-8F78-FFE7-6461-532A4E14F06E}"
EndProject
Global
	GlobalSection(SolutionConfigurationPlatforms) = preSolution
		Debug|Any CPU = Debug|Any CPU
		Release|Any CPU = Release|Any CPU
	EndGlobalSection
	GlobalSection(ProjectConfigurationPlatforms) = postSolution
		{4125EEA5-8F78-FFE7-6461-532A4E14F06E}.Debug|Any CPU.ActiveCfg = Debug|Any CPU
		{4125EEA5-8F78-FFE7-6461-532A4E14F06E}.Debug|Any CPU.Build.0 = Debug|Any CPU
		{4125EEA5-8F78-FFE7-6461-532A4E14F06E}.Release|Any CPU.ActiveCfg = Release|Any CPU
		{4125EEA5-8F78-FFE7-6461-532A4E14F06E}.Release|Any CPU.Build.0 = Release|Any CPU
	EndGlobalSection
	GlobalSection(SolutionProperties) = preSolution
		HideSolutionNode = FALSE
	EndGlobalSection
	GlobalSection(ExtensibilityGlobals) = postSolution
		SolutionGuid = {EC8C6CAA-C59E-4C5B-AFC5-B14F463534A9}
	EndGlobalSection
EndGlobal
